
Microsoft Visual Studio Solution File, Format Version 12.00
# Visual Studio Version 17
VisualStudioVersion = 17.1.32228.430
MinimumVisualStudioVersion = 10.0.40219.1
Project("{FAE04EC0-301F-11D3-BF4B-00C04F79EFBC}") = "Library MyReader", "Library MyReader.csproj", "{3CD2C267-1F77-4A0B-A391-6C9B00A014C2}"
EndProject
Global
	GlobalSection(SolutionConfigurationPlatforms) = preSolution
		Debug|Any CPU = Debug|Any CPU
		Release|Any CPU = Release|Any CPU
	EndGlobalSection
	GlobalSection(ProjectConfigurationPlatforms) = postSolution
		{3CD2C267-1F77-4A0B-A391-6C9B00A014C2}.Debug|Any CPU.ActiveCfg = Debug|Any CPU
		{3CD2C267-1F77-4A0B-A391-6C9B00A014C2}.Debug|Any CPU.Build.0 = Debug|Any CPU
		{3CD2C267-1F77-4A0B-A391-6C9B00A014C2}.Release|Any CPU.ActiveCfg = Release|Any CPU
		{3CD2C267-1F77-4A0B-A391-6C9B00A014C2}.Release|Any CPU.Build.0 = Release|Any CPU
	EndGlobalSection
	GlobalSection(SolutionProperties) = preSolution
		HideSolutionNode = FALSE
	EndGlobalSection
	GlobalSection(ExtensibilityGlobals) = postSolution
		SolutionGuid = {95B84C14-59AA-406D-AB70-09B455E063AD}
	EndGlobalSection
EndGlobal
